// !$*UTF8*$!
{
	archiveVersion = 1;
	classes = {
	};
	objectVersion = 77;
	objects = {

/* Begin PBXContainerItemProxy section */
		C3D4A8BD2D6FD64500E1DA7C /* PBXContainerItemProxy */ = {
			isa = PBXContainerItemProxy;
			containerPortal = C3D4A89E2D6FD64400E1DA7C /* Project object */;
			proxyType = 1;
			remoteGlobalIDString = C3D4A8A52D6FD64400E1DA7C;
			remoteInfo = Spoticlone;
		};
		C3D4A8C72D6FD64500E1DA7C /* PBXContainerItemProxy */ = {
			isa = PBXContainerItemProxy;
			containerPortal = C3D4A89E2D6FD64400E1DA7C /* Project object */;
			proxyType = 1;
			remoteGlobalIDString = C3D4A8A52D6FD64400E1DA7C;
			remoteInfo = Spoticlone;
		};
/* End PBXContainerItemProxy section */

/* Begin PBXFileReference section */
		C3D4A8A62D6FD64400E1DA7C /* Spoticlone.app */ = {isa = PBXFileReference; explicitFileType = wrapper.application; includeInIndex = 0; path = Spoticlone.app; sourceTree = BUILT_PRODUCTS_DIR; };
		C3D4A8BC2D6FD64500E1DA7C /* SpoticloneTests.xctest */ = {isa = PBXFileReference; explicitFileType = wrapper.cfbundle; includeInIndex = 0; path = SpoticloneTests.xctest; sourceTree = BUILT_PRODUCTS_DIR; };
		C3D4A8C62D6FD64500E1DA7C /* SpoticloneUITests.xctest */ = {isa = PBXFileReference; explicitFileType = wrapper.cfbundle; includeInIndex = 0; path = SpoticloneUITests.xctest; sourceTree = BUILT_PRODUCTS_DIR; };
/* End PBXFileReference section */

/* Begin PBXFileSystemSynchronizedBuildFileExceptionSet section */
		C3D4A8CE2D6FD64500E1DA7C /* Exceptions for "Spoticlone" folder in "Spoticlone" target */ = {
			isa = PBXFileSystemSynchronizedBuildFileExceptionSet;
			membershipExceptions = (
				Info.plist,
			);
			target = C3D4A8A52D6FD64400E1DA7C /* Spoticlone */;
		};
/* End PBXFileSystemSynchronizedBuildFileExceptionSet section */

/* Begin PBXFileSystemSynchronizedRootGroup section */
		C3D4A8A82D6FD64400E1DA7C /* Spoticlone */ = {
			isa = PBXFileSystemSynchronizedRootGroup;
			exceptions = (
				C3D4A8CE2D6FD64500E1DA7C /* Exceptions for "Spoticlone" folder in "Spoticlone" target */,
			);
			path = Spoticlone;
			sourceTree = "<group>";
		};
		C3D4A8BF2D6FD64500E1DA7C /* SpoticloneTests */ = {
			isa = PBXFileSystemSynchronizedRootGroup;
			path = SpoticloneTests;
			sourceTree = "<group>";
		};
		C3D4A8C92D6FD64500E1DA7C /* SpoticloneUITests */ = {
			isa = PBXFileSystemSynchronizedRootGroup;
			path = SpoticloneUITests;
			sourceTree = "<group>";
		};
/* End PBXFileSystemSynchronizedRootGroup section */

/* Begin PBXFrameworksBuildPhase section */
		C3D4A8A32D6FD64400E1DA7C /* Frameworks */ = {
			isa = PBXFrameworksBuildPhase;
			buildActionMask = 2147483647;
			files = (
			);
			runOnlyForDeploymentPostprocessing = 0;
		};
		C3D4A8B92D6FD64500E1DA7C /* Frameworks */ = {
			isa = PBXFrameworksBuildPhase;
			buildActionMask = 2147483647;
			files = (
			);
			runOnlyForDeploymentPostprocessing = 0;
		};
		C3D4A8C32D6FD64500E1DA7C /* Frameworks */ = {
			isa = PBXFrameworksBuildPhase;
			buildActionMask = 2147483647;
			files = (
			);
			runOnlyForDeploymentPostprocessing = 0;
		};
/* End PBXFrameworksBuildPhase section */

/* Begin PBXGroup section */
		C3D4A89D2D6FD64400E1DA7C = {
			isa = PBXGroup;
			children = (
				C3D4A8A82D6FD64400E1DA7C /* Spoticlone */,
				C3D4A8BF2D6FD64500E1DA7C /* SpoticloneTests */,
				C3D4A8C92D6FD64500E1DA7C /* SpoticloneUITests */,
				C3D4A8A72D6FD64400E1DA7C /* Products */,
			);
			sourceTree = "<group>";
		};
		C3D4A8A72D6FD64400E1DA7C /* Products */ = {
			isa = PBXGroup;
			children = (
				C3D4A8A62D6FD64400E1DA7C /* Spoticlone.app */,
				C3D4A8BC2D6FD64500E1DA7C /* SpoticloneTests.xctest */,
				C3D4A8C62D6FD64500E1DA7C /* SpoticloneUITests.xctest */,
			);
			name = Products;
			sourceTree = "<group>";
		};
/* End PBXGroup section */

/* Begin PBXNativeTarget section */
		C3D4A8A52D6FD64400E1DA7C /* Spoticlone */ = {
			isa = PBXNativeTarget;
			buildConfigurationList = C3D4A8CF2D6FD64500E1DA7C /* Build configuration list for PBXNativeTarget "Spoticlone" */;
			buildPhases = (
				C3D4A8A22D6FD64400E1DA7C /* Sources */,
				C3D4A8A32D6FD64400E1DA7C /* Frameworks */,
				C3D4A8A42D6FD64400E1DA7C /* Resources */,
			);
			buildRules = (
			);
			dependencies = (
			);
			fileSystemSynchronizedGroups = (
				C3D4A8A82D6FD64400E1DA7C /* Spoticlone */,
			);
			name = Spoticlone;
			packageProductDependencies = (
			);
			productName = Spoticlone;
			productReference = C3D4A8A62D6FD64400E1DA7C /* Spoticlone.app */;
			productType = "com.apple.product-type.application";
		};
		C3D4A8BB2D6FD64500E1DA7C /* SpoticloneTests */ = {
			isa = PBXNativeTarget;
			buildConfigurationList = C3D4A8D42D6FD64500E1DA7C /* Build configuration list for PBXNativeTarget "SpoticloneTests" */;
			buildPhases = (
				C3D4A8B82D6FD64500E1DA7C /* Sources */,
				C3D4A8B92D6FD64500E1DA7C /* Frameworks */,
				C3D4A8BA2D6FD64500E1DA7C /* Resources */,
			);
			buildRules = (
			);
			dependencies = (
				C3D4A8BE2D6FD64500E1DA7C /* PBXTargetDependency */,
			);
			fileSystemSynchronizedGroups = (
				C3D4A8BF2D6FD64500E1DA7C /* SpoticloneTests */,
			);
			name = SpoticloneTests;
			packageProductDependencies = (
			);
			productName = SpoticloneTests;
			productReference = C3D4A8BC2D6FD64500E1DA7C /* SpoticloneTests.xctest */;
			productType = "com.apple.product-type.bundle.unit-test";
		};
		C3D4A8C52D6FD64500E1DA7C /* SpoticloneUITests */ = {
			isa = PBXNativeTarget;
			buildConfigurationList = C3D4A8D72D6FD64500E1DA7C /* Build configuration list for PBXNativeTarget "SpoticloneUITests" */;
			buildPhases = (
				C3D4A8C22D6FD64500E1DA7C /* Sources */,
				C3D4A8C32D6FD64500E1DA7C /* Frameworks */,
				C3D4A8C42D6FD64500E1DA7C /* Resources */,
			);
			buildRules = (
			);
			dependencies = (
				C3D4A8C82D6FD64500E1DA7C /* PBXTargetDependency */,
			);
			fileSystemSynchronizedGroups = (
				C3D4A8C92D6FD64500E1DA7C /* SpoticloneUITests */,
			);
			name = SpoticloneUITests;
			packageProductDependencies = (
			);
			productName = SpoticloneUITests;
			productReference = C3D4A8C62D6FD64500E1DA7C /* SpoticloneUITests.xctest */;
			productType = "com.apple.product-type.bundle.ui-testing";
		};
/* End PBXNativeTarget section */

/* Begin PBXProject section */
		C3D4A89E2D6FD64400E1DA7C /* Project object */ = {
			isa = PBXProject;
			attributes = {
				BuildIndependentTargetsInParallel = 1;
				LastSwiftUpdateCheck = 1620;
				LastUpgradeCheck = 1620;
				TargetAttributes = {
					C3D4A8A52D6FD64400E1DA7C = {
						CreatedOnToolsVersion = 16.2;
					};
					C3D4A8BB2D6FD64500E1DA7C = {
						CreatedOnToolsVersion = 16.2;
						TestTargetID = C3D4A8A52D6FD64400E1DA7C;
					};
					C3D4A8C52D6FD64500E1DA7C = {
						CreatedOnToolsVersion = 16.2;
						TestTargetID = C3D4A8A52D6FD64400E1DA7C;
					};
				};
			};
			buildConfigurationList = C3D4A8A12D6FD64400E1DA7C /* Build configuration list for PBXProject "Spoticlone" */;
			developmentRegion = en;
			hasScannedForEncodings = 0;
			knownRegions = (
				en,
				Base,
			);
			mainGroup = C3D4A89D2D6FD64400E1DA7C;
			minimizedProjectReferenceProxies = 1;
			preferredProjectObjectVersion = 77;
			productRefGroup = C3D4A8A72D6FD64400E1DA7C /* Products */;
			projectDirPath = "";
			projectRoot = "";
			targets = (
				C3D4A8A52D6FD64400E1DA7C /* Spoticlone */,
				C3D4A8BB2D6FD64500E1DA7C /* SpoticloneTests */,
				C3D4A8C52D6FD64500E1DA7C /* SpoticloneUITests */,
			);
		};
/* End PBXProject section */

/* Begin PBXResourcesBuildPhase section */
		C3D4A8A42D6FD64400E1DA7C /* Resources */ = {
			isa = PBXResourcesBuildPhase;
			buildActionMask = 2147483647;
			files = (
			);
			runOnlyForDeploymentPostprocessing = 0;
		};
		C3D4A8BA2D6FD64500E1DA7C /* Resources */ = {
			isa = PBXResourcesBuildPhase;
			buildActionMask = 2147483647;
			files = (
			);
			runOnlyForDeploymentPostprocessing = 0;
		};
		C3D4A8C42D6FD64500E1DA7C /* Resources */ = {
			isa = PBXResourcesBuildPhase;
			buildActionMask = 2147483647;
			files = (
			);
			runOnlyForDeploymentPostprocessing = 0;
		};
/* End PBXResourcesBuildPhase section */

/* Begin PBXSourcesBuildPhase section */
		C3D4A8A22D6FD64400E1DA7C /* Sources */ = {
			isa = PBXSourcesBuildPhase;
			buildActionMask = 2147483647;
			files = (
			);
			runOnlyForDeploymentPostprocessing = 0;
		};
		C3D4A8B82D6FD64500E1DA7C /* Sources */ = {
			isa = PBXSourcesBuildPhase;
			buildActionMask = 2147483647;
			files = (
			);
			runOnlyForDeploymentPostprocessing = 0;
		};
		C3D4A8C22D6FD64500E1DA7C /* Sources */ = {
			isa = PBXSourcesBuildPhase;
			buildActionMask = 2147483647;
			files = (
			);
			runOnlyForDeploymentPostprocessing = 0;
		};
/* End PBXSourcesBuildPhase section */

/* Begin PBXTargetDependency section */
		C3D4A8BE2D6FD64500E1DA7C /* PBXTargetDependency */ = {
			isa = PBXTargetDependency;
			target = C3D4A8A52D6FD64400E1DA7C /* Spoticlone */;
			targetProxy = C3D4A8BD2D6FD64500E1DA7C /* PBXContainerItemProxy */;
		};
		C3D4A8C82D6FD64500E1DA7C /* PBXTargetDependency */ = {
			isa = PBXTargetDependency;
			target = C3D4A8A52D6FD64400E1DA7C /* Spoticlone */;
			targetProxy = C3D4A8C72D6FD64500E1DA7C /* PBXContainerItemProxy */;
		};
/* End PBXTargetDependency section */

/* Begin XCBuildConfiguration section */
		C3D4A8D02D6FD64500E1DA7C /* Debug */ = {
			isa = XCBuildConfiguration;
			buildSettings = {
				ASSETCATALOG_COMPILER_APPICON_NAME = AppIcon;
				ASSETCATALOG_COMPILER_GLOBAL_ACCENT_COLOR_NAME = AccentColor;
				CODE_SIGN_STYLE = Automatic;
				CURRENT_PROJECT_VERSION = 1;
				DEVELOPMENT_TEAM = WT5C6TTJP5;
				GENERATE_INFOPLIST_FILE = YES;
				INFOPLIST_FILE = Spoticlone/Info.plist;
				INFOPLIST_KEY_LSApplicationCategoryType = "public.app-category.music";
				INFOPLIST_KEY_UIApplicationSupportsIndirectInputEvents = YES;
				INFOPLIST_KEY_UILaunchStoryboardName = LaunchScreen;
				INFOPLIST_KEY_UISupportedInterfaceOrientations = UIInterfaceOrientationPortrait;
				INFOPLIST_KEY_UISupportedInterfaceOrientations_iPad = "UIInterfaceOrientationLandscapeLeft UIInterfaceOrientationLandscapeRight UIInterfaceOrientationPortrait UIInterfaceOrientationPortraitUpsideDown";
				LD_RUNPATH_SEARCH_PATHS = (
					"$(inherited)",
					"@executable_path/Frameworks",
				);
				MARKETING_VERSION = 1.0;
				PRODUCT_BUNDLE_IDENTIFIER = com.github.anagumo.Spoticlone;
				PRODUCT_NAME = "$(TARGET_NAME)";
				SWIFT_EMIT_LOC_STRINGS = YES;
				SWIFT_VERSION = 5.0;
				TARGETED_DEVICE_FAMILY = "1,2";
			};
			name = Debug;
		};
		C3D4A8D12D6FD64500E1DA7C /* Release */ = {
			isa = XCBuildConfiguration;
			buildSettings = {
				ASSETCATALOG_COMPILER_APPICON_NAME = AppIcon;
				ASSETCATALOG_COMPILER_GLOBAL_ACCENT_COLOR_NAME = AccentColor;
				CODE_SIGN_STYLE = Automatic;
				CURRENT_PROJECT_VERSION = 1;
				DEVELOPMENT_TEAM = WT5C6TTJP5;
				GENERATE_INFOPLIST_FILE = YES;
				INFOPLIST_FILE = Spoticlone/Info.plist;
				INFOPLIST_KEY_LSApplicationCategoryType = "public.app-category.music";
				INFOPLIST_KEY_UIApplicationSupportsIndirectInputEvents = YES;
				INFOPLIST_KEY_UILaunchStoryboardName = LaunchScreen;
				INFOPLIST_KEY_UISupportedInterfaceOrientations = UIInterfaceOrientationPortrait;
				INFOPLIST_KEY_UISupportedInterfaceOrientations_iPad = "UIInterfaceOrientationLandscapeLeft UIInterfaceOrientationLandscapeRight UIInterfaceOrientationPortrait UIInterfaceOrientationPortraitUpsideDown";
				LD_RUNPATH_SEARCH_PATHS = (
					"$(inherited)",
					"@executable_path/Frameworks",
				);
				MARKETING_VERSION = 1.0;
				PRODUCT_BUNDLE_IDENTIFIER = com.github.anagumo.Spoticlone;
				PRODUCT_NAME = "$(TARGET_NAME)";
				SWIFT_EMIT_LOC_STRINGS = YES;
				SWIFT_VERSION = 5.0;
				TARGETED_DEVICE_FAMILY = "1,2";
			};
			name = Release;
		};
		C3D4A8D22D6FD64500E1DA7C /* Debug */ = {
			isa = XCBuildConfiguration;
			buildSettings = {
				ALWAYS_SEARCH_USER_PATHS = NO;
				ASSETCATALOG_COMPILER_GENERATE_SWIFT_ASSET_SYMBOL_EXTENSIONS = YES;
				CLANG_ANALYZER_NONNULL = YES;
				CLANG_ANALYZER_NUMBER_OBJECT_CONVERSION = YES_AGGRESSIVE;
				CLANG_CXX_LANGUAGE_STANDARD = "gnu++20";
				CLANG_ENABLE_MODULES = YES;
				CLANG_ENABLE_OBJC_ARC = YES;
				CLANG_ENABLE_OBJC_WEAK = YES;
				CLANG_WARN_BLOCK_CAPTURE_AUTORELEASING = YES;
				CLANG_WARN_BOOL_CONVERSION = YES;
				CLANG_WARN_COMMA = YES;
				CLANG_WARN_CONSTANT_CONVERSION = YES;
				CLANG_WARN_DEPRECATED_OBJC_IMPLEMENTATIONS = YES;
				CLANG_WARN_DIRECT_OBJC_ISA_USAGE = YES_ERROR;
				CLANG_WARN_DOCUMENTATION_COMMENTS = YES;
				CLANG_WARN_EMPTY_BODY = YES;
				CLANG_WARN_ENUM_CONVERSION = YES;
				CLANG_WARN_INFINITE_RECURSION = YES;
				CLANG_WARN_INT_CONVERSION = YES;
				CLANG_WARN_NON_LITERAL_NULL_CONVERSION = YES;
				CLANG_WARN_OBJC_IMPLICIT_RETAIN_SELF = YES;
				CLANG_WARN_OBJC_LITERAL_CONVERSION = YES;
				CLANG_WARN_OBJC_ROOT_CLASS = YES_ERROR;
				CLANG_WARN_QUOTED_INCLUDE_IN_FRAMEWORK_HEADER = YES;
				CLANG_WARN_RANGE_LOOP_ANALYSIS = YES;
				CLANG_WARN_STRICT_PROTOTYPES = YES;
				CLANG_WARN_SUSPICIOUS_MOVE = YES;
				CLANG_WARN_UNGUARDED_AVAILABILITY = YES_AGGRESSIVE;
				CLANG_WARN_UNREACHABLE_CODE = YES;
				CLANG_WARN__DUPLICATE_METHOD_MATCH = YES;
				COPY_PHASE_STRIP = NO;
				DEBUG_INFORMATION_FORMAT = dwarf;
				ENABLE_STRICT_OBJC_MSGSEND = YES;
				ENABLE_TESTABILITY = YES;
				ENABLE_USER_SCRIPT_SANDBOXING = YES;
				GCC_C_LANGUAGE_STANDARD = gnu17;
				GCC_DYNAMIC_NO_PIC = NO;
				GCC_NO_COMMON_BLOCKS = YES;
				GCC_OPTIMIZATION_LEVEL = 0;
				GCC_PREPROCESSOR_DEFINITIONS = (
					"DEBUG=1",
					"$(inherited)",
				);
				GCC_WARN_64_TO_32_BIT_CONVERSION = YES;
				GCC_WARN_ABOUT_RETURN_TYPE = YES_ERROR;
				GCC_WARN_UNDECLARED_SELECTOR = YES;
				GCC_WARN_UNINITIALIZED_AUTOS = YES_AGGRESSIVE;
				GCC_WARN_UNUSED_FUNCTION = YES;
				GCC_WARN_UNUSED_VARIABLE = YES;
				IPHONEOS_DEPLOYMENT_TARGET = 18.2;
				LOCALIZATION_PREFERS_STRING_CATALOGS = YES;
				MTL_ENABLE_DEBUG_INFO = INCLUDE_SOURCE;
				MTL_FAST_MATH = YES;
				ONLY_ACTIVE_ARCH = YES;
				SDKROOT = iphoneos;
				SWIFT_ACTIVE_COMPILATION_CONDITIONS = "DEBUG $(inherited)";
				SWIFT_OPTIMIZATION_LEVEL = "-Onone";
			};
			name = Debug;
		};
		C3D4A8D32D6FD64500E1DA7C /* Release */ = {
			isa = XCBuildConfiguration;
			buildSettings = {
				ALWAYS_SEARCH_USER_PATHS = NO;
				ASSETCATALOG_COMPILER_GENERATE_SWIFT_ASSET_SYMBOL_EXTENSIONS = YES;
				CLANG_ANALYZER_NONNULL = YES;
				CLANG_ANALYZER_NUMBER_OBJECT_CONVERSION = YES_AGGRESSIVE;
				CLANG_CXX_LANGUAGE_STANDARD = "gnu++20";
				CLANG_ENABLE_MODULES = YES;
				CLANG_ENABLE_OBJC_ARC = YES;
				CLANG_ENABLE_OBJC_WEAK = YES;
				CLANG_WARN_BLOCK_CAPTURE_AUTORELEASING = YES;
				CLANG_WARN_BOOL_CONVERSION = YES;
				CLANG_WARN_COMMA = YES;
				CLANG_WARN_CONSTANT_CONVERSION = YES;
				CLANG_WARN_DEPRECATED_OBJC_IMPLEMENTATIONS = YES;
				CLANG_WARN_DIRECT_OBJC_ISA_USAGE = YES_ERROR;
				CLANG_WARN_DOCUMENTATION_COMMENTS = YES;
				CLANG_WARN_EMPTY_BODY = YES;
				CLANG_WARN_ENUM_CONVERSION = YES;
				CLANG_WARN_INFINITE_RECURSION = YES;
				CLANG_WARN_INT_CONVERSION = YES;
				CLANG_WARN_NON_LITERAL_NULL_CONVERSION = YES;
				CLANG_WARN_OBJC_IMPLICIT_RETAIN_SELF = YES;
				CLANG_WARN_OBJC_LITERAL_CONVERSION = YES;
				CLANG_WARN_OBJC_ROOT_CLASS = YES_ERROR;
				CLANG_WARN_QUOTED_INCLUDE_IN_FRAMEWORK_HEADER = YES;
				CLANG_WARN_RANGE_LOOP_ANALYSIS = YES;
				CLANG_WARN_STRICT_PROTOTYPES = YES;
				CLANG_WARN_SUSPICIOUS_MOVE = YES;
				CLANG_WARN_UNGUARDED_AVAILABILITY = YES_AGGRESSIVE;
				CLANG_WARN_UNREACHABLE_CODE = YES;
				CLANG_WARN__DUPLICATE_METHOD_MATCH = YES;
				COPY_PHASE_STRIP = NO;
				DEBUG_INFORMATION_FORMAT = "dwarf-with-dsym";
				ENABLE_NS_ASSERTIONS = NO;
				ENABLE_STRICT_OBJC_MSGSEND = YES;
				ENABLE_USER_SCRIPT_SANDBOXING = YES;
				GCC_C_LANGUAGE_STANDARD = gnu17;
				GCC_NO_COMMON_BLOCKS = YES;
				GCC_WARN_64_TO_32_BIT_CONVERSION = YES;
				GCC_WARN_ABOUT_RETURN_TYPE = YES_ERROR;
				GCC_WARN_UNDECLARED_SELECTOR = YES;
				GCC_WARN_UNINITIALIZED_AUTOS = YES_AGGRESSIVE;
				GCC_WARN_UNUSED_FUNCTION = YES;
				GCC_WARN_UNUSED_VARIABLE = YES;
				IPHONEOS_DEPLOYMENT_TARGET = 18.2;
				LOCALIZATION_PREFERS_STRING_CATALOGS = YES;
				MTL_ENABLE_DEBUG_INFO = NO;
				MTL_FAST_MATH = YES;
				SDKROOT = iphoneos;
				SWIFT_COMPILATION_MODE = wholemodule;
				VALIDATE_PRODUCT = YES;
			};
			name = Release;
		};
		C3D4A8D52D6FD64500E1DA7C /* Debug */ = {
			isa = XCBuildConfiguration;
			buildSettings = {
				BUNDLE_LOADER = "$(TEST_HOST)";
				CODE_SIGN_STYLE = Automatic;
				CURRENT_PROJECT_VERSION = 1;
				DEVELOPMENT_TEAM = WT5C6TTJP5;
				GENERATE_INFOPLIST_FILE = YES;
				IPHONEOS_DEPLOYMENT_TARGET = 18.2;
				MARKETING_VERSION = 1.0;
				PRODUCT_BUNDLE_IDENTIFIER = com.github.anagumo.SpoticloneTests;
				PRODUCT_NAME = "$(TARGET_NAME)";
				SWIFT_EMIT_LOC_STRINGS = NO;
				SWIFT_VERSION = 5.0;
				TARGETED_DEVICE_FAMILY = "1,2";
				TEST_HOST = "$(BUILT_PRODUCTS_DIR)/Spoticlone.app/$(BUNDLE_EXECUTABLE_FOLDER_PATH)/Spoticlone";
			};
			name = Debug;
		};
		C3D4A8D62D6FD64500E1DA7C /* Release */ = {
			isa = XCBuildConfiguration;
			buildSettings = {
				BUNDLE_LOADER = "$(TEST_HOST)";
				CODE_SIGN_STYLE = Automatic;
				CURRENT_PROJECT_VERSION = 1;
				DEVELOPMENT_TEAM = WT5C6TTJP5;
				GENERATE_INFOPLIST_FILE = YES;
				IPHONEOS_DEPLOYMENT_TARGET = 18.2;
				MARKETING_VERSION = 1.0;
				PRODUCT_BUNDLE_IDENTIFIER = com.github.anagumo.SpoticloneTests;
				PRODUCT_NAME = "$(TARGET_NAME)";
				SWIFT_EMIT_LOC_STRINGS = NO;
				SWIFT_VERSION = 5.0;
				TARGETED_DEVICE_FAMILY = "1,2";
				TEST_HOST = "$(BUILT_PRODUCTS_DIR)/Spoticlone.app/$(BUNDLE_EXECUTABLE_FOLDER_PATH)/Spoticlone";
			};
			name = Release;
		};
		C3D4A8D82D6FD64500E1DA7C /* Debug */ = {
			isa = XCBuildConfiguration;
			buildSettings = {
				CODE_SIGN_STYLE = Automatic;
				CURRENT_PROJECT_VERSION = 1;
				DEVELOPMENT_TEAM = WT5C6TTJP5;
				GENERATE_INFOPLIST_FILE = YES;
				MARKETING_VERSION = 1.0;
				PRODUCT_BUNDLE_IDENTIFIER = com.github.anagumo.SpoticloneUITests;
				PRODUCT_NAME = "$(TARGET_NAME)";
				SWIFT_EMIT_LOC_STRINGS = NO;
				SWIFT_VERSION = 5.0;
				TARGETED_DEVICE_FAMILY = "1,2";
				TEST_TARGET_NAME = Spoticlone;
			};
			name = Debug;
		};
		C3D4A8D92D6FD64500E1DA7C /* Release */ = {
			isa = XCBuildConfiguration;
			buildSettings = {
				CODE_SIGN_STYLE = Automatic;
				CURRENT_PROJECT_VERSION = 1;
				DEVELOPMENT_TEAM = WT5C6TTJP5;
				GENERATE_INFOPLIST_FILE = YES;
				MARKETING_VERSION = 1.0;
				PRODUCT_BUNDLE_IDENTIFIER = com.github.anagumo.SpoticloneUITests;
				PRODUCT_NAME = "$(TARGET_NAME)";
				SWIFT_EMIT_LOC_STRINGS = NO;
				SWIFT_VERSION = 5.0;
				TARGETED_DEVICE_FAMILY = "1,2";
				TEST_TARGET_NAME = Spoticlone;
			};
			name = Release;
		};
/* End XCBuildConfiguration section */

/* Begin XCConfigurationList section */
		C3D4A8A12D6FD64400E1DA7C /* Build configuration list for PBXProject "Spoticlone" */ = {
			isa = XCConfigurationList;
			buildConfigurations = (
				C3D4A8D22D6FD64500E1DA7C /* Debug */,
				C3D4A8D32D6FD64500E1DA7C /* Release */,
			);
			defaultConfigurationIsVisible = 0;
			defaultConfigurationName = Release;
		};
		C3D4A8CF2D6FD64500E1DA7C /* Build configuration list for PBXNativeTarget "Spoticlone" */ = {
			isa = XCConfigurationList;
			buildConfigurations = (
				C3D4A8D02D6FD64500E1DA7C /* Debug */,
				C3D4A8D12D6FD64500E1DA7C /* Release */,
			);
			defaultConfigurationIsVisible = 0;
			defaultConfigurationName = Release;
		};
		C3D4A8D42D6FD64500E1DA7C /* Build configuration list for PBXNativeTarget "SpoticloneTests" */ = {
			isa = XCConfigurationList;
			buildConfigurations = (
				C3D4A8D52D6FD64500E1DA7C /* Debug */,
				C3D4A8D62D6FD64500E1DA7C /* Release */,
			);
			defaultConfigurationIsVisible = 0;
			defaultConfigurationName = Release;
		};
		C3D4A8D72D6FD64500E1DA7C /* Build configuration list for PBXNativeTarget "SpoticloneUITests" */ = {
			isa = XCConfigurationList;
			buildConfigurations = (
				C3D4A8D82D6FD64500E1DA7C /* Debug */,
				C3D4A8D92D6FD64500E1DA7C /* Release */,
			);
			defaultConfigurationIsVisible = 0;
			defaultConfigurationName = Release;
		};
/* End XCConfigurationList section */
	};
	rootObject = C3D4A89E2D6FD64400E1DA7C /* Project object */;
}
